// !$*UTF8*$!
{
	archiveVersion = 1;
	classes = {
	};
	objectVersion = 50;
	objects = {

/* Begin PBXBuildFile section */
		6856AD6F21EF92A300F65CD8 /* AppDelegate.swift in Sources */ = {isa = PBXBuildFile; fileRef = 6856AD6E21EF92A300F65CD8 /* AppDelegate.swift */; };
		6856AD7121EF92A300F65CD8 /* HomeViewController.swift in Sources */ = {isa = PBXBuildFile; fileRef = 6856AD7021EF92A300F65CD8 /* HomeViewController.swift */; };
		6856AD7321EF92A300F65CD8 /* GroupViewController.swift in Sources */ = {isa = PBXBuildFile; fileRef = 6856AD7221EF92A300F65CD8 /* GroupViewController.swift */; };
		6856AD7621EF92A300F65CD8 /* Main.storyboard in Resources */ = {isa = PBXBuildFile; fileRef = 6856AD7421EF92A300F65CD8 /* Main.storyboard */; };
		6856AD7821EF92A500F65CD8 /* Assets.xcassets in Resources */ = {isa = PBXBuildFile; fileRef = 6856AD7721EF92A500F65CD8 /* Assets.xcassets */; };
		6856AD7B21EF92A500F65CD8 /* LaunchScreen.storyboard in Resources */ = {isa = PBXBuildFile; fileRef = 6856AD7921EF92A500F65CD8 /* LaunchScreen.storyboard */; };
		6856AD8621EF92A500F65CD8 /* Groupify3_0Tests.swift in Sources */ = {isa = PBXBuildFile; fileRef = 6856AD8521EF92A500F65CD8 /* Groupify3_0Tests.swift */; };
		6856AD9121EF92A500F65CD8 /* Groupify3_0UITests.swift in Sources */ = {isa = PBXBuildFile; fileRef = 6856AD9021EF92A500F65CD8 /* Groupify3_0UITests.swift */; };
		6874012A2213319B00C42BFF /* CreateStudentViewController.swift in Sources */ = {isa = PBXBuildFile; fileRef = 687401292213319B00C42BFF /* CreateStudentViewController.swift */; };
		689EB58C2209F35700899539 /* ClassStudentClass.swift in Sources */ = {isa = PBXBuildFile; fileRef = 689EB58B2209F35700899539 /* ClassStudentClass.swift */; };
		689EB58E2209F3B600899539 /* ClassAnyClass.swift in Sources */ = {isa = PBXBuildFile; fileRef = 689EB58D2209F3B600899539 /* ClassAnyClass.swift */; };
		A233537221F0E98700BEA58E /* NumberViewController.swift in Sources */ = {isa = PBXBuildFile; fileRef = A233537121F0E98600BEA58E /* NumberViewController.swift */; };
		A233537421F0E9B600BEA58E /* PersonViewController.swift in Sources */ = {isa = PBXBuildFile; fileRef = A233537321F0E9B600BEA58E /* PersonViewController.swift */; };
		A233537621F0EA1C00BEA58E /* StartViewController.swift in Sources */ = {isa = PBXBuildFile; fileRef = A233537521F0EA1C00BEA58E /* StartViewController.swift */; };
		A27B0C17220785F20022C8AA /* CollectionViewCell.swift in Sources */ = {isa = PBXBuildFile; fileRef = A27B0C16220785F20022C8AA /* CollectionViewCell.swift */; };
		A2E6D9BE21F92FF800A06F2B /* Screen Shot 2019-01-23 at 5.27.00 PM.png in Resources */ = {isa = PBXBuildFile; fileRef = A2E6D9BD21F92FF800A06F2B /* Screen Shot 2019-01-23 at 5.27.00 PM.png */; };
/* End PBXBuildFile section */

/* Begin PBXContainerItemProxy section */
		6856AD8221EF92A500F65CD8 /* PBXContainerItemProxy */ = {
			isa = PBXContainerItemProxy;
			containerPortal = 6856AD6321EF92A300F65CD8 /* Project object */;
			proxyType = 1;
			remoteGlobalIDString = 6856AD6A21EF92A300F65CD8;
			remoteInfo = Groupify3.0;
		};
		6856AD8D21EF92A500F65CD8 /* PBXContainerItemProxy */ = {
			isa = PBXContainerItemProxy;
			containerPortal = 6856AD6321EF92A300F65CD8 /* Project object */;
			proxyType = 1;
			remoteGlobalIDString = 6856AD6A21EF92A300F65CD8;
			remoteInfo = Groupify3.0;
		};
/* End PBXContainerItemProxy section */

/* Begin PBXFileReference section */
		6856AD6B21EF92A300F65CD8 /* Groupify.app */ = {isa = PBXFileReference; explicitFileType = wrapper.application; includeInIndex = 0; path = Groupify.app; sourceTree = BUILT_PRODUCTS_DIR; };
		6856AD6E21EF92A300F65CD8 /* AppDelegate.swift */ = {isa = PBXFileReference; lastKnownFileType = sourcecode.swift; path = AppDelegate.swift; sourceTree = "<group>"; };
		6856AD7021EF92A300F65CD8 /* HomeViewController.swift */ = {isa = PBXFileReference; lastKnownFileType = sourcecode.swift; path = HomeViewController.swift; sourceTree = "<group>"; };
		6856AD7221EF92A300F65CD8 /* GroupViewController.swift */ = {isa = PBXFileReference; lastKnownFileType = sourcecode.swift; path = GroupViewController.swift; sourceTree = "<group>"; };
		6856AD7521EF92A300F65CD8 /* Base */ = {isa = PBXFileReference; lastKnownFileType = file.storyboard; name = Base; path = Base.lproj/Main.storyboard; sourceTree = "<group>"; };
		6856AD7721EF92A500F65CD8 /* Assets.xcassets */ = {isa = PBXFileReference; lastKnownFileType = folder.assetcatalog; path = Assets.xcassets; sourceTree = "<group>"; };
		6856AD7A21EF92A500F65CD8 /* Base */ = {isa = PBXFileReference; lastKnownFileType = file.storyboard; name = Base; path = Base.lproj/LaunchScreen.storyboard; sourceTree = "<group>"; };
		6856AD7C21EF92A500F65CD8 /* Info.plist */ = {isa = PBXFileReference; lastKnownFileType = text.plist.xml; path = Info.plist; sourceTree = "<group>"; };
		6856AD8121EF92A500F65CD8 /* GroupifyTests.xctest */ = {isa = PBXFileReference; explicitFileType = wrapper.cfbundle; includeInIndex = 0; path = GroupifyTests.xctest; sourceTree = BUILT_PRODUCTS_DIR; };
		6856AD8521EF92A500F65CD8 /* Groupify3_0Tests.swift */ = {isa = PBXFileReference; lastKnownFileType = sourcecode.swift; path = Groupify3_0Tests.swift; sourceTree = "<group>"; };
		6856AD8721EF92A500F65CD8 /* Info.plist */ = {isa = PBXFileReference; lastKnownFileType = text.plist.xml; path = Info.plist; sourceTree = "<group>"; };
		6856AD8C21EF92A500F65CD8 /* GroupifyUITests.xctest */ = {isa = PBXFileReference; explicitFileType = wrapper.cfbundle; includeInIndex = 0; path = GroupifyUITests.xctest; sourceTree = BUILT_PRODUCTS_DIR; };
		6856AD9021EF92A500F65CD8 /* Groupify3_0UITests.swift */ = {isa = PBXFileReference; lastKnownFileType = sourcecode.swift; path = Groupify3_0UITests.swift; sourceTree = "<group>"; };
		6856AD9221EF92A500F65CD8 /* Info.plist */ = {isa = PBXFileReference; lastKnownFileType = text.plist.xml; path = Info.plist; sourceTree = "<group>"; };
		687401292213319B00C42BFF /* CreateStudentViewController.swift */ = {isa = PBXFileReference; lastKnownFileType = sourcecode.swift; path = CreateStudentViewController.swift; sourceTree = "<group>"; };
		689EB58B2209F35700899539 /* ClassStudentClass.swift */ = {isa = PBXFileReference; lastKnownFileType = sourcecode.swift; path = ClassStudentClass.swift; sourceTree = "<group>"; };
		689EB58D2209F3B600899539 /* ClassAnyClass.swift */ = {isa = PBXFileReference; lastKnownFileType = sourcecode.swift; path = ClassAnyClass.swift; sourceTree = "<group>"; };
		A233537121F0E98600BEA58E /* NumberViewController.swift */ = {isa = PBXFileReference; lastKnownFileType = sourcecode.swift; path = NumberViewController.swift; sourceTree = "<group>"; };
		A233537321F0E9B600BEA58E /* PersonViewController.swift */ = {isa = PBXFileReference; lastKnownFileType = sourcecode.swift; path = PersonViewController.swift; sourceTree = "<group>"; };
		A233537521F0EA1C00BEA58E /* StartViewController.swift */ = {isa = PBXFileReference; lastKnownFileType = sourcecode.swift; path = StartViewController.swift; sourceTree = "<group>"; };
		A27B0C16220785F20022C8AA /* CollectionViewCell.swift */ = {isa = PBXFileReference; lastKnownFileType = sourcecode.swift; path = CollectionViewCell.swift; sourceTree = "<group>"; };
		A2E6D9BD21F92FF800A06F2B /* Screen Shot 2019-01-23 at 5.27.00 PM.png */ = {isa = PBXFileReference; lastKnownFileType = image.png; name = "Screen Shot 2019-01-23 at 5.27.00 PM.png"; path = "../../../Desktop/Screen Shot 2019-01-23 at 5.27.00 PM.png"; sourceTree = "<group>"; };
/* End PBXFileReference section */

/* Begin PBXFrameworksBuildPhase section */
		6856AD6821EF92A300F65CD8 /* Frameworks */ = {
			isa = PBXFrameworksBuildPhase;
			buildActionMask = 2147483647;
			files = (
			);
			runOnlyForDeploymentPostprocessing = 0;
		};
		6856AD7E21EF92A500F65CD8 /* Frameworks */ = {
			isa = PBXFrameworksBuildPhase;
			buildActionMask = 2147483647;
			files = (
			);
			runOnlyForDeploymentPostprocessing = 0;
		};
		6856AD8921EF92A500F65CD8 /* Frameworks */ = {
			isa = PBXFrameworksBuildPhase;
			buildActionMask = 2147483647;
			files = (
			);
			runOnlyForDeploymentPostprocessing = 0;
		};
/* End PBXFrameworksBuildPhase section */

/* Begin PBXGroup section */
		6856AD6221EF92A300F65CD8 = {
			isa = PBXGroup;
			children = (
				6856AD6D21EF92A300F65CD8 /* Groupify3.0 */,
				6856AD8421EF92A500F65CD8 /* Groupify3.0Tests */,
				6856AD8F21EF92A500F65CD8 /* Groupify3.0UITests */,
				6856AD6C21EF92A300F65CD8 /* Products */,
			);
			sourceTree = "<group>";
		};
		6856AD6C21EF92A300F65CD8 /* Products */ = {
			isa = PBXGroup;
			children = (
				6856AD6B21EF92A300F65CD8 /* Groupify.app */,
				6856AD8121EF92A500F65CD8 /* GroupifyTests.xctest */,
				6856AD8C21EF92A500F65CD8 /* GroupifyUITests.xctest */,
			);
			name = Products;
			sourceTree = "<group>";
		};
		6856AD6D21EF92A300F65CD8 /* Groupify3.0 */ = {
			isa = PBXGroup;
			children = (
				6856AD6E21EF92A300F65CD8 /* AppDelegate.swift */,
				6856AD7021EF92A300F65CD8 /* HomeViewController.swift */,
				6856AD7221EF92A300F65CD8 /* GroupViewController.swift */,
				A233537121F0E98600BEA58E /* NumberViewController.swift */,
				A233537321F0E9B600BEA58E /* PersonViewController.swift */,
				A233537521F0EA1C00BEA58E /* StartViewController.swift */,
				A27B0C16220785F20022C8AA /* CollectionViewCell.swift */,
				6856AD7421EF92A300F65CD8 /* Main.storyboard */,
				687401292213319B00C42BFF /* CreateStudentViewController.swift */,
				689EB58B2209F35700899539 /* ClassStudentClass.swift */,
				689EB58D2209F3B600899539 /* ClassAnyClass.swift */,
				6856AD7721EF92A500F65CD8 /* Assets.xcassets */,
				6856AD7921EF92A500F65CD8 /* LaunchScreen.storyboard */,
				6856AD7C21EF92A500F65CD8 /* Info.plist */,
				A2E6D9BD21F92FF800A06F2B /* Screen Shot 2019-01-23 at 5.27.00 PM.png */,
			);
			path = Groupify3.0;
			sourceTree = "<group>";
		};
		6856AD8421EF92A500F65CD8 /* Groupify3.0Tests */ = {
			isa = PBXGroup;
			children = (
				6856AD8521EF92A500F65CD8 /* Groupify3_0Tests.swift */,
				6856AD8721EF92A500F65CD8 /* Info.plist */,
			);
			path = Groupify3.0Tests;
			sourceTree = "<group>";
		};
		6856AD8F21EF92A500F65CD8 /* Groupify3.0UITests */ = {
			isa = PBXGroup;
			children = (
				6856AD9021EF92A500F65CD8 /* Groupify3_0UITests.swift */,
				6856AD9221EF92A500F65CD8 /* Info.plist */,
			);
			path = Groupify3.0UITests;
			sourceTree = "<group>";
		};
/* End PBXGroup section */

/* Begin PBXNativeTarget section */
		6856AD6A21EF92A300F65CD8 /* Groupify */ = {
			isa = PBXNativeTarget;
			buildConfigurationList = 6856AD9521EF92A500F65CD8 /* Build configuration list for PBXNativeTarget "Groupify" */;
			buildPhases = (
				6856AD6721EF92A300F65CD8 /* Sources */,
				6856AD6821EF92A300F65CD8 /* Frameworks */,
				6856AD6921EF92A300F65CD8 /* Resources */,
			);
			buildRules = (
			);
			dependencies = (
			);
			name = Groupify;
			productName = Groupify3.0;
			productReference = 6856AD6B21EF92A300F65CD8 /* Groupify.app */;
			productType = "com.apple.product-type.application";
		};
		6856AD8021EF92A500F65CD8 /* GroupifyTests */ = {
			isa = PBXNativeTarget;
			buildConfigurationList = 6856AD9821EF92A500F65CD8 /* Build configuration list for PBXNativeTarget "GroupifyTests" */;
			buildPhases = (
				6856AD7D21EF92A500F65CD8 /* Sources */,
				6856AD7E21EF92A500F65CD8 /* Frameworks */,
				6856AD7F21EF92A500F65CD8 /* Resources */,
			);
			buildRules = (
			);
			dependencies = (
				6856AD8321EF92A500F65CD8 /* PBXTargetDependency */,
			);
			name = GroupifyTests;
			productName = Groupify3.0Tests;
			productReference = 6856AD8121EF92A500F65CD8 /* GroupifyTests.xctest */;
			productType = "com.apple.product-type.bundle.unit-test";
		};
		6856AD8B21EF92A500F65CD8 /* GroupifyUITests */ = {
			isa = PBXNativeTarget;
			buildConfigurationList = 6856AD9B21EF92A500F65CD8 /* Build configuration list for PBXNativeTarget "GroupifyUITests" */;
			buildPhases = (
				6856AD8821EF92A500F65CD8 /* Sources */,
				6856AD8921EF92A500F65CD8 /* Frameworks */,
				6856AD8A21EF92A500F65CD8 /* Resources */,
			);
			buildRules = (
			);
			dependencies = (
				6856AD8E21EF92A500F65CD8 /* PBXTargetDependency */,
			);
			name = GroupifyUITests;
			productName = Groupify3.0UITests;
			productReference = 6856AD8C21EF92A500F65CD8 /* GroupifyUITests.xctest */;
			productType = "com.apple.product-type.bundle.ui-testing";
		};
/* End PBXNativeTarget section */

/* Begin PBXProject section */
		6856AD6321EF92A300F65CD8 /* Project object */ = {
			isa = PBXProject;
			attributes = {
				LastSwiftUpdateCheck = 1010;
				LastUpgradeCheck = 1010;
				ORGANIZATIONNAME = District196.org;
				TargetAttributes = {
					6856AD6A21EF92A300F65CD8 = {
						CreatedOnToolsVersion = 10.1;
					};
					6856AD8021EF92A500F65CD8 = {
						CreatedOnToolsVersion = 10.1;
						TestTargetID = 6856AD6A21EF92A300F65CD8;
					};
					6856AD8B21EF92A500F65CD8 = {
						CreatedOnToolsVersion = 10.1;
						TestTargetID = 6856AD6A21EF92A300F65CD8;
					};
				};
			};
			buildConfigurationList = 6856AD6621EF92A300F65CD8 /* Build configuration list for PBXProject "Groupify" */;
			compatibilityVersion = "Xcode 9.3";
			developmentRegion = en;
			hasScannedForEncodings = 0;
			knownRegions = (
				en,
				Base,
			);
			mainGroup = 6856AD6221EF92A300F65CD8;
			productRefGroup = 6856AD6C21EF92A300F65CD8 /* Products */;
			projectDirPath = "";
			projectRoot = "";
			targets = (
				6856AD6A21EF92A300F65CD8 /* Groupify */,
				6856AD8021EF92A500F65CD8 /* GroupifyTests */,
				6856AD8B21EF92A500F65CD8 /* GroupifyUITests */,
			);
		};
/* End PBXProject section */

/* Begin PBXResourcesBuildPhase section */
		6856AD6921EF92A300F65CD8 /* Resources */ = {
			isa = PBXResourcesBuildPhase;
			buildActionMask = 2147483647;
			files = (
				A2E6D9BE21F92FF800A06F2B /* Screen Shot 2019-01-23 at 5.27.00 PM.png in Resources */,
				6856AD7B21EF92A500F65CD8 /* LaunchScreen.storyboard in Resources */,
				6856AD7821EF92A500F65CD8 /* Assets.xcassets in Resources */,
				6856AD7621EF92A300F65CD8 /* Main.storyboard in Resources */,
			);
			runOnlyForDeploymentPostprocessing = 0;
		};
		6856AD7F21EF92A500F65CD8 /* Resources */ = {
			isa = PBXResourcesBuildPhase;
			buildActionMask = 2147483647;
			files = (
			);
			runOnlyForDeploymentPostprocessing = 0;
		};
		6856AD8A21EF92A500F65CD8 /* Resources */ = {
			isa = PBXResourcesBuildPhase;
			buildActionMask = 2147483647;
			files = (
			);
			runOnlyForDeploymentPostprocessing = 0;
		};
/* End PBXResourcesBuildPhase section */

/* Begin PBXSourcesBuildPhase section */
		6856AD6721EF92A300F65CD8 /* Sources */ = {
			isa = PBXSourcesBuildPhase;
			buildActionMask = 2147483647;
			files = (
				A233537421F0E9B600BEA58E /* PersonViewController.swift in Sources */,
				6856AD7321EF92A300F65CD8 /* GroupViewController.swift in Sources */,
				6874012A2213319B00C42BFF /* CreateStudentViewController.swift in Sources */,
				A233537221F0E98700BEA58E /* NumberViewController.swift in Sources */,
				A27B0C17220785F20022C8AA /* CollectionViewCell.swift in Sources */,
				6856AD6F21EF92A300F65CD8 /* AppDelegate.swift in Sources */,
				689EB58C2209F35700899539 /* ClassStudentClass.swift in Sources */,
				6856AD7121EF92A300F65CD8 /* HomeViewController.swift in Sources */,
				A233537621F0EA1C00BEA58E /* StartViewController.swift in Sources */,
				689EB58E2209F3B600899539 /* ClassAnyClass.swift in Sources */,
			);
			runOnlyForDeploymentPostprocessing = 0;
		};
		6856AD7D21EF92A500F65CD8 /* Sources */ = {
			isa = PBXSourcesBuildPhase;
			buildActionMask = 2147483647;
			files = (
				6856AD8621EF92A500F65CD8 /* Groupify3_0Tests.swift in Sources */,
			);
			runOnlyForDeploymentPostprocessing = 0;
		};
		6856AD8821EF92A500F65CD8 /* Sources */ = {
			isa = PBXSourcesBuildPhase;
			buildActionMask = 2147483647;
			files = (
				6856AD9121EF92A500F65CD8 /* Groupify3_0UITests.swift in Sources */,
			);
			runOnlyForDeploymentPostprocessing = 0;
		};
/* End PBXSourcesBuildPhase section */

/* Begin PBXTargetDependency section */
		6856AD8321EF92A500F65CD8 /* PBXTargetDependency */ = {
			isa = PBXTargetDependency;
			target = 6856AD6A21EF92A300F65CD8 /* Groupify */;
			targetProxy = 6856AD8221EF92A500F65CD8 /* PBXContainerItemProxy */;
		};
		6856AD8E21EF92A500F65CD8 /* PBXTargetDependency */ = {
			isa = PBXTargetDependency;
			target = 6856AD6A21EF92A300F65CD8 /* Groupify */;
			targetProxy = 6856AD8D21EF92A500F65CD8 /* PBXContainerItemProxy */;
		};
/* End PBXTargetDependency section */

/* Begin PBXVariantGroup section */
		6856AD7421EF92A300F65CD8 /* Main.storyboard */ = {
			isa = PBXVariantGroup;
			children = (
				6856AD7521EF92A300F65CD8 /* Base */,
			);
			name = Main.storyboard;
			sourceTree = "<group>";
		};
		6856AD7921EF92A500F65CD8 /* LaunchScreen.storyboard */ = {
			isa = PBXVariantGroup;
			children = (
				6856AD7A21EF92A500F65CD8 /* Base */,
			);
			name = LaunchScreen.storyboard;
			sourceTree = "<group>";
		};
/* End PBXVariantGroup section */

/* Begin XCBuildConfiguration section */
		6856AD9321EF92A500F65CD8 /* Debug */ = {
			isa = XCBuildConfiguration;
			buildSettings = {
				ALWAYS_SEARCH_USER_PATHS = NO;
				CLANG_ANALYZER_NONNULL = YES;
				CLANG_ANALYZER_NUMBER_OBJECT_CONVERSION = YES_AGGRESSIVE;
				CLANG_CXX_LANGUAGE_STANDARD = "gnu++14";
				CLANG_CXX_LIBRARY = "libc++";
				CLANG_ENABLE_MODULES = YES;
				CLANG_ENABLE_OBJC_ARC = YES;
				CLANG_ENABLE_OBJC_WEAK = YES;
				CLANG_WARN_BLOCK_CAPTURE_AUTORELEASING = YES;
				CLANG_WARN_BOOL_CONVERSION = YES;
				CLANG_WARN_COMMA = YES;
				CLANG_WARN_CONSTANT_CONVERSION = YES;
				CLANG_WARN_DEPRECATED_OBJC_IMPLEMENTATIONS = YES;
				CLANG_WARN_DIRECT_OBJC_ISA_USAGE = YES_ERROR;
				CLANG_WARN_DOCUMENTATION_COMMENTS = YES;
				CLANG_WARN_EMPTY_BODY = YES;
				CLANG_WARN_ENUM_CONVERSION = YES;
				CLANG_WARN_INFINITE_RECURSION = YES;
				CLANG_WARN_INT_CONVERSION = YES;
				CLANG_WARN_NON_LITERAL_NULL_CONVERSION = YES;
				CLANG_WARN_OBJC_IMPLICIT_RETAIN_SELF = YES;
				CLANG_WARN_OBJC_LITERAL_CONVERSION = YES;
				CLANG_WARN_OBJC_ROOT_CLASS = YES_ERROR;
				CLANG_WARN_RANGE_LOOP_ANALYSIS = YES;
				CLANG_WARN_STRICT_PROTOTYPES = YES;
				CLANG_WARN_SUSPICIOUS_MOVE = YES;
				CLANG_WARN_UNGUARDED_AVAILABILITY = YES_AGGRESSIVE;
				CLANG_WARN_UNREACHABLE_CODE = YES;
				CLANG_WARN__DUPLICATE_METHOD_MATCH = YES;
				CODE_SIGN_IDENTITY = "iPhone Developer";
				COPY_PHASE_STRIP = NO;
				DEBUG_INFORMATION_FORMAT = dwarf;
				ENABLE_STRICT_OBJC_MSGSEND = YES;
				ENABLE_TESTABILITY = YES;
				GCC_C_LANGUAGE_STANDARD = gnu11;
				GCC_DYNAMIC_NO_PIC = NO;
				GCC_NO_COMMON_BLOCKS = YES;
				GCC_OPTIMIZATION_LEVEL = 0;
				GCC_PREPROCESSOR_DEFINITIONS = (
					"DEBUG=1",
					"$(inherited)",
				);
				GCC_WARN_64_TO_32_BIT_CONVERSION = YES;
				GCC_WARN_ABOUT_RETURN_TYPE = YES_ERROR;
				GCC_WARN_UNDECLARED_SELECTOR = YES;
				GCC_WARN_UNINITIALIZED_AUTOS = YES_AGGRESSIVE;
				GCC_WARN_UNUSED_FUNCTION = YES;
				GCC_WARN_UNUSED_VARIABLE = YES;
				IPHONEOS_DEPLOYMENT_TARGET = 12.1;
				MTL_ENABLE_DEBUG_INFO = INCLUDE_SOURCE;
				MTL_FAST_MATH = YES;
				ONLY_ACTIVE_ARCH = YES;
				SDKROOT = iphoneos;
				SWIFT_ACTIVE_COMPILATION_CONDITIONS = DEBUG;
				SWIFT_OPTIMIZATION_LEVEL = "-Onone";
			};
			name = Debug;
		};
		6856AD9421EF92A500F65CD8 /* Release */ = {
			isa = XCBuildConfiguration;
			buildSettings = {
				ALWAYS_SEARCH_USER_PATHS = NO;
				CLANG_ANALYZER_NONNULL = YES;
				CLANG_ANALYZER_NUMBER_OBJECT_CONVERSION = YES_AGGRESSIVE;
				CLANG_CXX_LANGUAGE_STANDARD = "gnu++14";
				CLANG_CXX_LIBRARY = "libc++";
				CLANG_ENABLE_MODULES = YES;
				CLANG_ENABLE_OBJC_ARC = YES;
				CLANG_ENABLE_OBJC_WEAK = YES;
				CLANG_WARN_BLOCK_CAPTURE_AUTORELEASING = YES;
				CLANG_WARN_BOOL_CONVERSION = YES;
				CLANG_WARN_COMMA = YES;
				CLANG_WARN_CONSTANT_CONVERSION = YES;
				CLANG_WARN_DEPRECATED_OBJC_IMPLEMENTATIONS = YES;
				CLANG_WARN_DIRECT_OBJC_ISA_USAGE = YES_ERROR;
				CLANG_WARN_DOCUMENTATION_COMMENTS = YES;
				CLANG_WARN_EMPTY_BODY = YES;
				CLANG_WARN_ENUM_CONVERSION = YES;
				CLANG_WARN_INFINITE_RECURSION = YES;
				CLANG_WARN_INT_CONVERSION = YES;
				CLANG_WARN_NON_LITERAL_NULL_CONVERSION = YES;
				CLANG_WARN_OBJC_IMPLICIT_RETAIN_SELF = YES;
				CLANG_WARN_OBJC_LITERAL_CONVERSION = YES;
				CLANG_WARN_OBJC_ROOT_CLASS = YES_ERROR;
				CLANG_WARN_RANGE_LOOP_ANALYSIS = YES;
				CLANG_WARN_STRICT_PROTOTYPES = YES;
				CLANG_WARN_SUSPICIOUS_MOVE = YES;
				CLANG_WARN_UNGUARDED_AVAILABILITY = YES_AGGRESSIVE;
				CLANG_WARN_UNREACHABLE_CODE = YES;
				CLANG_WARN__DUPLICATE_METHOD_MATCH = YES;
				CODE_SIGN_IDENTITY = "iPhone Developer";
				COPY_PHASE_STRIP = NO;
				DEBUG_INFORMATION_FORMAT = "dwarf-with-dsym";
				ENABLE_NS_ASSERTIONS = NO;
				ENABLE_STRICT_OBJC_MSGSEND = YES;
				GCC_C_LANGUAGE_STANDARD = gnu11;
				GCC_NO_COMMON_BLOCKS = YES;
				GCC_WARN_64_TO_32_BIT_CONVERSION = YES;
				GCC_WARN_ABOUT_RETURN_TYPE = YES_ERROR;
				GCC_WARN_UNDECLARED_SELECTOR = YES;
				GCC_WARN_UNINITIALIZED_AUTOS = YES_AGGRESSIVE;
				GCC_WARN_UNUSED_FUNCTION = YES;
				GCC_WARN_UNUSED_VARIABLE = YES;
				IPHONEOS_DEPLOYMENT_TARGET = 12.1;
				MTL_ENABLE_DEBUG_INFO = NO;
				MTL_FAST_MATH = YES;
				SDKROOT = iphoneos;
				SWIFT_COMPILATION_MODE = wholemodule;
				SWIFT_OPTIMIZATION_LEVEL = "-O";
				VALIDATE_PRODUCT = YES;
			};
			name = Release;
		};
		6856AD9621EF92A500F65CD8 /* Debug */ = {
			isa = XCBuildConfiguration;
			buildSettings = {
				ASSETCATALOG_COMPILER_APPICON_NAME = AppIcon;
				CODE_SIGN_STYLE = Automatic;
				INFOPLIST_FILE = Groupify3.0/Info.plist;
				LD_RUNPATH_SEARCH_PATHS = (
					"$(inherited)",
					"@executable_path/Frameworks",
				);
				PRODUCT_BUNDLE_IDENTIFIER = "org.District196.Groupify3-0";
				PRODUCT_NAME = "$(TARGET_NAME)";
				SWIFT_VERSION = 4.2;
				TARGETED_DEVICE_FAMILY = "1,2";
			};
			name = Debug;
		};
		6856AD9721EF92A500F65CD8 /* Release */ = {
			isa = XCBuildConfiguration;
			buildSettings = {
				ASSETCATALOG_COMPILER_APPICON_NAME = AppIcon;
				CODE_SIGN_STYLE = Automatic;
				INFOPLIST_FILE = Groupify3.0/Info.plist;
				LD_RUNPATH_SEARCH_PATHS = (
					"$(inherited)",
					"@executable_path/Frameworks",
				);
				PRODUCT_BUNDLE_IDENTIFIER = "org.District196.Groupify3-0";
				PRODUCT_NAME = "$(TARGET_NAME)";
				SWIFT_VERSION = 4.2;
				TARGETED_DEVICE_FAMILY = "1,2";
			};
			name = Release;
		};
		6856AD9921EF92A500F65CD8 /* Debug */ = {
			isa = XCBuildConfiguration;
			buildSettings = {
				ALWAYS_EMBED_SWIFT_STANDARD_LIBRARIES = YES;
				BUNDLE_LOADER = "$(TEST_HOST)";
				CODE_SIGN_STYLE = Automatic;
				INFOPLIST_FILE = Groupify3.0Tests/Info.plist;
				LD_RUNPATH_SEARCH_PATHS = (
					"$(inherited)",
					"@executable_path/Frameworks",
					"@loader_path/Frameworks",
				);
				PRODUCT_BUNDLE_IDENTIFIER = "org.District196.Groupify3-0Tests";
				PRODUCT_NAME = "$(TARGET_NAME)";
				SWIFT_VERSION = 4.2;
				TARGETED_DEVICE_FAMILY = "1,2";
				TEST_HOST = "$(BUILT_PRODUCTS_DIR)/Groupify.app/Groupify";
			};
			name = Debug;
		};
		6856AD9A21EF92A500F65CD8 /* Release */ = {
			isa = XCBuildConfiguration;
			buildSettings = {
				ALWAYS_EMBED_SWIFT_STANDARD_LIBRARIES = YES;
				BUNDLE_LOADER = "$(TEST_HOST)";
				CODE_SIGN_STYLE = Automatic;
				INFOPLIST_FILE = Groupify3.0Tests/Info.plist;
				LD_RUNPATH_SEARCH_PATHS = (
					"$(inherited)",
					"@executable_path/Frameworks",
					"@loader_path/Frameworks",
				);
				PRODUCT_BUNDLE_IDENTIFIER = "org.District196.Groupify3-0Tests";
				PRODUCT_NAME = "$(TARGET_NAME)";
				SWIFT_VERSION = 4.2;
				TARGETED_DEVICE_FAMILY = "1,2";
				TEST_HOST = "$(BUILT_PRODUCTS_DIR)/Groupify.app/Groupify";
			};
			name = Release;
		};
		6856AD9C21EF92A500F65CD8 /* Debug */ = {
			isa = XCBuildConfiguration;
			buildSettings = {
				ALWAYS_EMBED_SWIFT_STANDARD_LIBRARIES = YES;
				CODE_SIGN_STYLE = Automatic;
				INFOPLIST_FILE = Groupify3.0UITests/Info.plist;
				LD_RUNPATH_SEARCH_PATHS = (
					"$(inherited)",
					"@executable_path/Frameworks",
					"@loader_path/Frameworks",
				);
				PRODUCT_BUNDLE_IDENTIFIER = "org.District196.Groupify3-0UITests";
				PRODUCT_NAME = "$(TARGET_NAME)";
				SWIFT_VERSION = 4.2;
				TARGETED_DEVICE_FAMILY = "1,2";
				TEST_TARGET_NAME = Groupify3.0;
			};
			name = Debug;
		};
		6856AD9D21EF92A500F65CD8 /* Release */ = {
			isa = XCBuildConfiguration;
			buildSettings = {
				ALWAYS_EMBED_SWIFT_STANDARD_LIBRARIES = YES;
				CODE_SIGN_STYLE = Automatic;
				INFOPLIST_FILE = Groupify3.0UITests/Info.plist;
				LD_RUNPATH_SEARCH_PATHS = (
					"$(inherited)",
					"@executable_path/Frameworks",
					"@loader_path/Frameworks",
				);
				PRODUCT_BUNDLE_IDENTIFIER = "org.District196.Groupify3-0UITests";
				PRODUCT_NAME = "$(TARGET_NAME)";
				SWIFT_VERSION = 4.2;
				TARGETED_DEVICE_FAMILY = "1,2";
				TEST_TARGET_NAME = Groupify3.0;
			};
			name = Release;
		};
/* End XCBuildConfiguration section */

/* Begin XCConfigurationList section */
		6856AD6621EF92A300F65CD8 /* Build configuration list for PBXProject "Groupify" */ = {
			isa = XCConfigurationList;
			buildConfigurations = (
				6856AD9321EF92A500F65CD8 /* Debug */,
				6856AD9421EF92A500F65CD8 /* Release */,
			);
			defaultConfigurationIsVisible = 0;
			defaultConfigurationName = Release;
		};
		6856AD9521EF92A500F65CD8 /* Build configuration list for PBXNativeTarget "Groupify" */ = {
			isa = XCConfigurationList;
			buildConfigurations = (
				6856AD9621EF92A500F65CD8 /* Debug */,
				6856AD9721EF92A500F65CD8 /* Release */,
			);
			defaultConfigurationIsVisible = 0;
			defaultConfigurationName = Release;
		};
		6856AD9821EF92A500F65CD8 /* Build configuration list for PBXNativeTarget "GroupifyTests" */ = {
			isa = XCConfigurationList;
			buildConfigurations = (
				6856AD9921EF92A500F65CD8 /* Debug */,
				6856AD9A21EF92A500F65CD8 /* Release */,
			);
			defaultConfigurationIsVisible = 0;
			defaultConfigurationName = Release;
		};
		6856AD9B21EF92A500F65CD8 /* Build configuration list for PBXNativeTarget "GroupifyUITests" */ = {
			isa = XCConfigurationList;
			buildConfigurations = (
				6856AD9C21EF92A500F65CD8 /* Debug */,
				6856AD9D21EF92A500F65CD8 /* Release */,
			);
			defaultConfigurationIsVisible = 0;
			defaultConfigurationName = Release;
		};
/* End XCConfigurationList section */
	};
	rootObject = 6856AD6321EF92A300F65CD8 /* Project object */;
}
